// !$*UTF8*$!
{
	archiveVersion = 1;
	classes = {
	};
	objectVersion = 55;
	objects = {

/* Begin PBXBuildFile section */
		5A3E83422872090A0071FE73 /* AppDelegate.swift in Sources */ = {isa = PBXBuildFile; fileRef = 5A3E83412872090A0071FE73 /* AppDelegate.swift */; };
		5A3E83442872090A0071FE73 /* SceneDelegate.swift in Sources */ = {isa = PBXBuildFile; fileRef = 5A3E83432872090A0071FE73 /* SceneDelegate.swift */; };
		5A3E83462872090A0071FE73 /* HomeVC.swift in Sources */ = {isa = PBXBuildFile; fileRef = 5A3E83452872090A0071FE73 /* HomeVC.swift */; };
		5A3E834C2872090A0071FE73 /* discussion_board.xcdatamodeld in Sources */ = {isa = PBXBuildFile; fileRef = 5A3E834A2872090A0071FE73 /* discussion_board.xcdatamodeld */; };
		5A3E834E2872090B0071FE73 /* Assets.xcassets in Resources */ = {isa = PBXBuildFile; fileRef = 5A3E834D2872090B0071FE73 /* Assets.xcassets */; };
		5A3E83512872090B0071FE73 /* LaunchScreen.storyboard in Resources */ = {isa = PBXBuildFile; fileRef = 5A3E834F2872090B0071FE73 /* LaunchScreen.storyboard */; };
		5A3E835C2872090B0071FE73 /* discussion_boardTests.swift in Sources */ = {isa = PBXBuildFile; fileRef = 5A3E835B2872090B0071FE73 /* discussion_boardTests.swift */; };
		5A3E83662872090B0071FE73 /* discussion_boardUITests.swift in Sources */ = {isa = PBXBuildFile; fileRef = 5A3E83652872090B0071FE73 /* discussion_boardUITests.swift */; };
		5A3E83682872090B0071FE73 /* discussion_boardUITestsLaunchTests.swift in Sources */ = {isa = PBXBuildFile; fileRef = 5A3E83672872090B0071FE73 /* discussion_boardUITestsLaunchTests.swift */; };
		5A3E837F28727E5F0071FE73 /* Section.swift in Sources */ = {isa = PBXBuildFile; fileRef = 5A3E837E28727E5F0071FE73 /* Section.swift */; };
		5A3E83822872806A0071FE73 /* APIClient.swift in Sources */ = {isa = PBXBuildFile; fileRef = 5A3E83812872806A0071FE73 /* APIClient.swift */; };
		5A3E83852872853E0071FE73 /* NetworkingError.swift in Sources */ = {isa = PBXBuildFile; fileRef = 5A3E83842872853E0071FE73 /* NetworkingError.swift */; };
		5A4DEA5B28766434000E9C4A /* FeaturedCell.swift in Sources */ = {isa = PBXBuildFile; fileRef = 5A4DEA5A28766434000E9C4A /* FeaturedCell.swift */; };
		5A4DEA5D28766455000E9C4A /* Threads.json in Resources */ = {isa = PBXBuildFile; fileRef = 5A4DEA5C28766455000E9C4A /* Threads.json */; };
		5A4DEA5F28766478000E9C4A /* SelfConfiguringCell.swift in Sources */ = {isa = PBXBuildFile; fileRef = 5A4DEA5E28766478000E9C4A /* SelfConfiguringCell.swift */; };
		5A4DEA62287664C7000E9C4A /* Thread.swift in Sources */ = {isa = PBXBuildFile; fileRef = 5A4DEA61287664C7000E9C4A /* Thread.swift */; };
		5A4DEA6528766979000E9C4A /* ListCell.swift in Sources */ = {isa = PBXBuildFile; fileRef = 5A4DEA6428766979000E9C4A /* ListCell.swift */; };
		5A4DEA6828766B23000E9C4A /* DecodeHelper.swift in Sources */ = {isa = PBXBuildFile; fileRef = 5A4DEA6728766B23000E9C4A /* DecodeHelper.swift */; };
/* End PBXBuildFile section */

/* Begin PBXContainerItemProxy section */
		5A3E83582872090B0071FE73 /* PBXContainerItemProxy */ = {
			isa = PBXContainerItemProxy;
			containerPortal = 5A3E83362872090A0071FE73 /* Project object */;
			proxyType = 1;
			remoteGlobalIDString = 5A3E833D2872090A0071FE73;
			remoteInfo = "discussion-board";
		};
		5A3E83622872090B0071FE73 /* PBXContainerItemProxy */ = {
			isa = PBXContainerItemProxy;
			containerPortal = 5A3E83362872090A0071FE73 /* Project object */;
			proxyType = 1;
			remoteGlobalIDString = 5A3E833D2872090A0071FE73;
			remoteInfo = "discussion-board";
		};
/* End PBXContainerItemProxy section */

/* Begin PBXFileReference section */
		5A3E833E2872090A0071FE73 /* discussion-board.app */ = {isa = PBXFileReference; explicitFileType = wrapper.application; includeInIndex = 0; path = "discussion-board.app"; sourceTree = BUILT_PRODUCTS_DIR; };
		5A3E83412872090A0071FE73 /* AppDelegate.swift */ = {isa = PBXFileReference; lastKnownFileType = sourcecode.swift; path = AppDelegate.swift; sourceTree = "<group>"; };
		5A3E83432872090A0071FE73 /* SceneDelegate.swift */ = {isa = PBXFileReference; lastKnownFileType = sourcecode.swift; path = SceneDelegate.swift; sourceTree = "<group>"; };
		5A3E83452872090A0071FE73 /* HomeVC.swift */ = {isa = PBXFileReference; lastKnownFileType = sourcecode.swift; path = HomeVC.swift; sourceTree = "<group>"; };
		5A3E834B2872090A0071FE73 /* discussion_board.xcdatamodel */ = {isa = PBXFileReference; lastKnownFileType = wrapper.xcdatamodel; path = discussion_board.xcdatamodel; sourceTree = "<group>"; };
		5A3E834D2872090B0071FE73 /* Assets.xcassets */ = {isa = PBXFileReference; lastKnownFileType = folder.assetcatalog; path = Assets.xcassets; sourceTree = "<group>"; };
		5A3E83502872090B0071FE73 /* Base */ = {isa = PBXFileReference; lastKnownFileType = file.storyboard; name = Base; path = Base.lproj/LaunchScreen.storyboard; sourceTree = "<group>"; };
		5A3E83522872090B0071FE73 /* Info.plist */ = {isa = PBXFileReference; lastKnownFileType = text.plist.xml; path = Info.plist; sourceTree = "<group>"; };
		5A3E83572872090B0071FE73 /* discussion-boardTests.xctest */ = {isa = PBXFileReference; explicitFileType = wrapper.cfbundle; includeInIndex = 0; path = "discussion-boardTests.xctest"; sourceTree = BUILT_PRODUCTS_DIR; };
		5A3E835B2872090B0071FE73 /* discussion_boardTests.swift */ = {isa = PBXFileReference; lastKnownFileType = sourcecode.swift; path = discussion_boardTests.swift; sourceTree = "<group>"; };
		5A3E83612872090B0071FE73 /* discussion-boardUITests.xctest */ = {isa = PBXFileReference; explicitFileType = wrapper.cfbundle; includeInIndex = 0; path = "discussion-boardUITests.xctest"; sourceTree = BUILT_PRODUCTS_DIR; };
		5A3E83652872090B0071FE73 /* discussion_boardUITests.swift */ = {isa = PBXFileReference; lastKnownFileType = sourcecode.swift; path = discussion_boardUITests.swift; sourceTree = "<group>"; };
		5A3E83672872090B0071FE73 /* discussion_boardUITestsLaunchTests.swift */ = {isa = PBXFileReference; lastKnownFileType = sourcecode.swift; path = discussion_boardUITestsLaunchTests.swift; sourceTree = "<group>"; };
		5A3E837E28727E5F0071FE73 /* Section.swift */ = {isa = PBXFileReference; lastKnownFileType = sourcecode.swift; path = Section.swift; sourceTree = "<group>"; };
		5A3E83812872806A0071FE73 /* APIClient.swift */ = {isa = PBXFileReference; lastKnownFileType = sourcecode.swift; path = APIClient.swift; sourceTree = "<group>"; };
		5A3E83842872853E0071FE73 /* NetworkingError.swift */ = {isa = PBXFileReference; lastKnownFileType = sourcecode.swift; path = NetworkingError.swift; sourceTree = "<group>"; };
		5A4DEA5A28766434000E9C4A /* FeaturedCell.swift */ = {isa = PBXFileReference; lastKnownFileType = sourcecode.swift; path = FeaturedCell.swift; sourceTree = "<group>"; };
		5A4DEA5C28766455000E9C4A /* Threads.json */ = {isa = PBXFileReference; lastKnownFileType = text.json; path = Threads.json; sourceTree = "<group>"; };
		5A4DEA5E28766478000E9C4A /* SelfConfiguringCell.swift */ = {isa = PBXFileReference; lastKnownFileType = sourcecode.swift; path = SelfConfiguringCell.swift; sourceTree = "<group>"; };
		5A4DEA61287664C7000E9C4A /* Thread.swift */ = {isa = PBXFileReference; lastKnownFileType = sourcecode.swift; path = Thread.swift; sourceTree = "<group>"; };
		5A4DEA6428766979000E9C4A /* ListCell.swift */ = {isa = PBXFileReference; lastKnownFileType = sourcecode.swift; path = ListCell.swift; sourceTree = "<group>"; };
		5A4DEA6728766B23000E9C4A /* DecodeHelper.swift */ = {isa = PBXFileReference; lastKnownFileType = sourcecode.swift; path = DecodeHelper.swift; sourceTree = "<group>"; };
/* End PBXFileReference section */

/* Begin PBXFrameworksBuildPhase section */
		5A3E833B2872090A0071FE73 /* Frameworks */ = {
			isa = PBXFrameworksBuildPhase;
			buildActionMask = 2147483647;
			files = (
			);
			runOnlyForDeploymentPostprocessing = 0;
		};
		5A3E83542872090B0071FE73 /* Frameworks */ = {
			isa = PBXFrameworksBuildPhase;
			buildActionMask = 2147483647;
			files = (
			);
			runOnlyForDeploymentPostprocessing = 0;
		};
		5A3E835E2872090B0071FE73 /* Frameworks */ = {
			isa = PBXFrameworksBuildPhase;
			buildActionMask = 2147483647;
			files = (
			);
			runOnlyForDeploymentPostprocessing = 0;
		};
/* End PBXFrameworksBuildPhase section */

/* Begin PBXGroup section */
		5A3E83352872090A0071FE73 = {
			isa = PBXGroup;
			children = (
				5A3E83402872090A0071FE73 /* discussion-board */,
				5A3E835A2872090B0071FE73 /* discussion-boardTests */,
				5A3E83642872090B0071FE73 /* discussion-boardUITests */,
				5A3E833F2872090A0071FE73 /* Products */,
			);
			sourceTree = "<group>";
		};
		5A3E833F2872090A0071FE73 /* Products */ = {
			isa = PBXGroup;
			children = (
				5A3E833E2872090A0071FE73 /* discussion-board.app */,
				5A3E83572872090B0071FE73 /* discussion-boardTests.xctest */,
				5A3E83612872090B0071FE73 /* discussion-boardUITests.xctest */,
			);
			name = Products;
			sourceTree = "<group>";
		};
		5A3E83402872090A0071FE73 /* discussion-board */ = {
			isa = PBXGroup;
			children = (
				5A4DEA6628766B1A000E9C4A /* Utilities */,
				5A4DEA63287664E4000E9C4A /* ViewControllers */,
				5A4DEA60287664BD000E9C4A /* Models */,
				5A4DEA5928766427000E9C4A /* CustomCells */,
				5A3E8380287280590071FE73 /* APIClients */,
				5A3E837D28727E4D0071FE73 /* CollectionViewModels */,
				5A3E83412872090A0071FE73 /* AppDelegate.swift */,
				5A3E83432872090A0071FE73 /* SceneDelegate.swift */,
				5A3E834D2872090B0071FE73 /* Assets.xcassets */,
				5A3E834F2872090B0071FE73 /* LaunchScreen.storyboard */,
				5A3E83522872090B0071FE73 /* Info.plist */,
				5A3E834A2872090A0071FE73 /* discussion_board.xcdatamodeld */,
				5A4DEA5C28766455000E9C4A /* Threads.json */,
				5A4DEA5E28766478000E9C4A /* SelfConfiguringCell.swift */,
			);
			path = "discussion-board";
			sourceTree = "<group>";
		};
		5A3E835A2872090B0071FE73 /* discussion-boardTests */ = {
			isa = PBXGroup;
			children = (
				5A3E835B2872090B0071FE73 /* discussion_boardTests.swift */,
			);
			path = "discussion-boardTests";
			sourceTree = "<group>";
		};
		5A3E83642872090B0071FE73 /* discussion-boardUITests */ = {
			isa = PBXGroup;
			children = (
				5A3E83652872090B0071FE73 /* discussion_boardUITests.swift */,
				5A3E83672872090B0071FE73 /* discussion_boardUITestsLaunchTests.swift */,
			);
			path = "discussion-boardUITests";
			sourceTree = "<group>";
		};
		5A3E837D28727E4D0071FE73 /* CollectionViewModels */ = {
			isa = PBXGroup;
			children = (
				5A3E837E28727E5F0071FE73 /* Section.swift */,
			);
			path = CollectionViewModels;
			sourceTree = "<group>";
		};
		5A3E8380287280590071FE73 /* APIClients */ = {
			isa = PBXGroup;
			children = (
				5A3E8383287285360071FE73 /* Models */,
				5A3E83812872806A0071FE73 /* APIClient.swift */,
			);
			path = APIClients;
			sourceTree = "<group>";
		};
		5A3E8383287285360071FE73 /* Models */ = {
			isa = PBXGroup;
			children = (
				5A3E83842872853E0071FE73 /* NetworkingError.swift */,
			);
			path = Models;
			sourceTree = "<group>";
		};
		5A4DEA5928766427000E9C4A /* CustomCells */ = {
			isa = PBXGroup;
			children = (
				5A4DEA5A28766434000E9C4A /* FeaturedCell.swift */,
				5A4DEA6428766979000E9C4A /* ListCell.swift */,
			);
			path = CustomCells;
			sourceTree = "<group>";
		};
		5A4DEA60287664BD000E9C4A /* Models */ = {
			isa = PBXGroup;
			children = (
				5A4DEA61287664C7000E9C4A /* Thread.swift */,
			);
			path = Models;
			sourceTree = "<group>";
		};
		5A4DEA63287664E4000E9C4A /* ViewControllers */ = {
			isa = PBXGroup;
			children = (
				5A3E83452872090A0071FE73 /* HomeVC.swift */,
			);
			path = ViewControllers;
			sourceTree = "<group>";
		};
		5A4DEA6628766B1A000E9C4A /* Utilities */ = {
			isa = PBXGroup;
			children = (
				5A4DEA6728766B23000E9C4A /* DecodeHelper.swift */,
			);
			path = Utilities;
			sourceTree = "<group>";
		};
/* End PBXGroup section */

/* Begin PBXNativeTarget section */
		5A3E833D2872090A0071FE73 /* discussion-board */ = {
			isa = PBXNativeTarget;
			buildConfigurationList = 5A3E836B2872090B0071FE73 /* Build configuration list for PBXNativeTarget "discussion-board" */;
			buildPhases = (
				5A3E833A2872090A0071FE73 /* Sources */,
				5A3E833B2872090A0071FE73 /* Frameworks */,
				5A3E833C2872090A0071FE73 /* Resources */,
			);
			buildRules = (
			);
			dependencies = (
			);
			name = "discussion-board";
			productName = "discussion-board";
			productReference = 5A3E833E2872090A0071FE73 /* discussion-board.app */;
			productType = "com.apple.product-type.application";
		};
		5A3E83562872090B0071FE73 /* discussion-boardTests */ = {
			isa = PBXNativeTarget;
			buildConfigurationList = 5A3E836E2872090B0071FE73 /* Build configuration list for PBXNativeTarget "discussion-boardTests" */;
			buildPhases = (
				5A3E83532872090B0071FE73 /* Sources */,
				5A3E83542872090B0071FE73 /* Frameworks */,
				5A3E83552872090B0071FE73 /* Resources */,
			);
			buildRules = (
			);
			dependencies = (
				5A3E83592872090B0071FE73 /* PBXTargetDependency */,
			);
			name = "discussion-boardTests";
			productName = "discussion-boardTests";
			productReference = 5A3E83572872090B0071FE73 /* discussion-boardTests.xctest */;
			productType = "com.apple.product-type.bundle.unit-test";
		};
		5A3E83602872090B0071FE73 /* discussion-boardUITests */ = {
			isa = PBXNativeTarget;
			buildConfigurationList = 5A3E83712872090B0071FE73 /* Build configuration list for PBXNativeTarget "discussion-boardUITests" */;
			buildPhases = (
				5A3E835D2872090B0071FE73 /* Sources */,
				5A3E835E2872090B0071FE73 /* Frameworks */,
				5A3E835F2872090B0071FE73 /* Resources */,
			);
			buildRules = (
			);
			dependencies = (
				5A3E83632872090B0071FE73 /* PBXTargetDependency */,
			);
			name = "discussion-boardUITests";
			productName = "discussion-boardUITests";
			productReference = 5A3E83612872090B0071FE73 /* discussion-boardUITests.xctest */;
			productType = "com.apple.product-type.bundle.ui-testing";
		};
/* End PBXNativeTarget section */

/* Begin PBXProject section */
		5A3E83362872090A0071FE73 /* Project object */ = {
			isa = PBXProject;
			attributes = {
				BuildIndependentTargetsInParallel = 1;
				LastSwiftUpdateCheck = 1340;
				LastUpgradeCheck = 1340;
				TargetAttributes = {
					5A3E833D2872090A0071FE73 = {
						CreatedOnToolsVersion = 13.4.1;
					};
					5A3E83562872090B0071FE73 = {
						CreatedOnToolsVersion = 13.4.1;
						TestTargetID = 5A3E833D2872090A0071FE73;
					};
					5A3E83602872090B0071FE73 = {
						CreatedOnToolsVersion = 13.4.1;
						TestTargetID = 5A3E833D2872090A0071FE73;
					};
				};
			};
			buildConfigurationList = 5A3E83392872090A0071FE73 /* Build configuration list for PBXProject "discussion-board" */;
			compatibilityVersion = "Xcode 13.0";
			developmentRegion = en;
			hasScannedForEncodings = 0;
			knownRegions = (
				en,
				Base,
			);
			mainGroup = 5A3E83352872090A0071FE73;
			productRefGroup = 5A3E833F2872090A0071FE73 /* Products */;
			projectDirPath = "";
			projectRoot = "";
			targets = (
				5A3E833D2872090A0071FE73 /* discussion-board */,
				5A3E83562872090B0071FE73 /* discussion-boardTests */,
				5A3E83602872090B0071FE73 /* discussion-boardUITests */,
			);
		};
/* End PBXProject section */

/* Begin PBXResourcesBuildPhase section */
		5A3E833C2872090A0071FE73 /* Resources */ = {
			isa = PBXResourcesBuildPhase;
			buildActionMask = 2147483647;
			files = (
				5A3E83512872090B0071FE73 /* LaunchScreen.storyboard in Resources */,
				5A3E834E2872090B0071FE73 /* Assets.xcassets in Resources */,
				5A4DEA5D28766455000E9C4A /* Threads.json in Resources */,
			);
			runOnlyForDeploymentPostprocessing = 0;
		};
		5A3E83552872090B0071FE73 /* Resources */ = {
			isa = PBXResourcesBuildPhase;
			buildActionMask = 2147483647;
			files = (
			);
			runOnlyForDeploymentPostprocessing = 0;
		};
		5A3E835F2872090B0071FE73 /* Resources */ = {
			isa = PBXResourcesBuildPhase;
			buildActionMask = 2147483647;
			files = (
			);
			runOnlyForDeploymentPostprocessing = 0;
		};
/* End PBXResourcesBuildPhase section */

/* Begin PBXSourcesBuildPhase section */
		5A3E833A2872090A0071FE73 /* Sources */ = {
			isa = PBXSourcesBuildPhase;
			buildActionMask = 2147483647;
			files = (
				5A3E837F28727E5F0071FE73 /* Section.swift in Sources */,
				5A4DEA62287664C7000E9C4A /* Thread.swift in Sources */,
				5A3E834C2872090A0071FE73 /* discussion_board.xcdatamodeld in Sources */,
				5A3E83462872090A0071FE73 /* HomeVC.swift in Sources */,
				5A3E83852872853E0071FE73 /* NetworkingError.swift in Sources */,
				5A4DEA6828766B23000E9C4A /* DecodeHelper.swift in Sources */,
				5A3E83422872090A0071FE73 /* AppDelegate.swift in Sources */,
				5A4DEA6528766979000E9C4A /* ListCell.swift in Sources */,
				5A4DEA5B28766434000E9C4A /* FeaturedCell.swift in Sources */,
				5A3E83442872090A0071FE73 /* SceneDelegate.swift in Sources */,
				5A3E83822872806A0071FE73 /* APIClient.swift in Sources */,
				5A4DEA5F28766478000E9C4A /* SelfConfiguringCell.swift in Sources */,
			);
			runOnlyForDeploymentPostprocessing = 0;
		};
		5A3E83532872090B0071FE73 /* Sources */ = {
			isa = PBXSourcesBuildPhase;
			buildActionMask = 2147483647;
			files = (
				5A3E835C2872090B0071FE73 /* discussion_boardTests.swift in Sources */,
			);
			runOnlyForDeploymentPostprocessing = 0;
		};
		5A3E835D2872090B0071FE73 /* Sources */ = {
			isa = PBXSourcesBuildPhase;
			buildActionMask = 2147483647;
			files = (
				5A3E83662872090B0071FE73 /* discussion_boardUITests.swift in Sources */,
				5A3E83682872090B0071FE73 /* discussion_boardUITestsLaunchTests.swift in Sources */,
			);
			runOnlyForDeploymentPostprocessing = 0;
		};
/* End PBXSourcesBuildPhase section */

/* Begin PBXTargetDependency section */
		5A3E83592872090B0071FE73 /* PBXTargetDependency */ = {
			isa = PBXTargetDependency;
			target = 5A3E833D2872090A0071FE73 /* discussion-board */;
			targetProxy = 5A3E83582872090B0071FE73 /* PBXContainerItemProxy */;
		};
		5A3E83632872090B0071FE73 /* PBXTargetDependency */ = {
			isa = PBXTargetDependency;
			target = 5A3E833D2872090A0071FE73 /* discussion-board */;
			targetProxy = 5A3E83622872090B0071FE73 /* PBXContainerItemProxy */;
		};
/* End PBXTargetDependency section */

/* Begin PBXVariantGroup section */
		5A3E834F2872090B0071FE73 /* LaunchScreen.storyboard */ = {
			isa = PBXVariantGroup;
			children = (
				5A3E83502872090B0071FE73 /* Base */,
			);
			name = LaunchScreen.storyboard;
			sourceTree = "<group>";
		};
/* End PBXVariantGroup section */

/* Begin XCBuildConfiguration section */
		5A3E83692872090B0071FE73 /* Debug */ = {
			isa = XCBuildConfiguration;
			buildSettings = {
				ALWAYS_SEARCH_USER_PATHS = NO;
				CLANG_ANALYZER_NONNULL = YES;
				CLANG_ANALYZER_NUMBER_OBJECT_CONVERSION = YES_AGGRESSIVE;
				CLANG_CXX_LANGUAGE_STANDARD = "gnu++17";
				CLANG_ENABLE_MODULES = YES;
				CLANG_ENABLE_OBJC_ARC = YES;
				CLANG_ENABLE_OBJC_WEAK = YES;
				CLANG_WARN_BLOCK_CAPTURE_AUTORELEASING = YES;
				CLANG_WARN_BOOL_CONVERSION = YES;
				CLANG_WARN_COMMA = YES;
				CLANG_WARN_CONSTANT_CONVERSION = YES;
				CLANG_WARN_DEPRECATED_OBJC_IMPLEMENTATIONS = YES;
				CLANG_WARN_DIRECT_OBJC_ISA_USAGE = YES_ERROR;
				CLANG_WARN_DOCUMENTATION_COMMENTS = YES;
				CLANG_WARN_EMPTY_BODY = YES;
				CLANG_WARN_ENUM_CONVERSION = YES;
				CLANG_WARN_INFINITE_RECURSION = YES;
				CLANG_WARN_INT_CONVERSION = YES;
				CLANG_WARN_NON_LITERAL_NULL_CONVERSION = YES;
				CLANG_WARN_OBJC_IMPLICIT_RETAIN_SELF = YES;
				CLANG_WARN_OBJC_LITERAL_CONVERSION = YES;
				CLANG_WARN_OBJC_ROOT_CLASS = YES_ERROR;
				CLANG_WARN_QUOTED_INCLUDE_IN_FRAMEWORK_HEADER = YES;
				CLANG_WARN_RANGE_LOOP_ANALYSIS = YES;
				CLANG_WARN_STRICT_PROTOTYPES = YES;
				CLANG_WARN_SUSPICIOUS_MOVE = YES;
				CLANG_WARN_UNGUARDED_AVAILABILITY = YES_AGGRESSIVE;
				CLANG_WARN_UNREACHABLE_CODE = YES;
				CLANG_WARN__DUPLICATE_METHOD_MATCH = YES;
				COPY_PHASE_STRIP = NO;
				DEBUG_INFORMATION_FORMAT = dwarf;
				ENABLE_STRICT_OBJC_MSGSEND = YES;
				ENABLE_TESTABILITY = YES;
				GCC_C_LANGUAGE_STANDARD = gnu11;
				GCC_DYNAMIC_NO_PIC = NO;
				GCC_NO_COMMON_BLOCKS = YES;
				GCC_OPTIMIZATION_LEVEL = 0;
				GCC_PREPROCESSOR_DEFINITIONS = (
					"DEBUG=1",
					"$(inherited)",
				);
				GCC_WARN_64_TO_32_BIT_CONVERSION = YES;
				GCC_WARN_ABOUT_RETURN_TYPE = YES_ERROR;
				GCC_WARN_UNDECLARED_SELECTOR = YES;
				GCC_WARN_UNINITIALIZED_AUTOS = YES_AGGRESSIVE;
				GCC_WARN_UNUSED_FUNCTION = YES;
				GCC_WARN_UNUSED_VARIABLE = YES;
				IPHONEOS_DEPLOYMENT_TARGET = 15.5;
				MTL_ENABLE_DEBUG_INFO = INCLUDE_SOURCE;
				MTL_FAST_MATH = YES;
				ONLY_ACTIVE_ARCH = YES;
				SDKROOT = iphoneos;
				SWIFT_ACTIVE_COMPILATION_CONDITIONS = DEBUG;
				SWIFT_OPTIMIZATION_LEVEL = "-Onone";
			};
			name = Debug;
		};
		5A3E836A2872090B0071FE73 /* Release */ = {
			isa = XCBuildConfiguration;
			buildSettings = {
				ALWAYS_SEARCH_USER_PATHS = NO;
				CLANG_ANALYZER_NONNULL = YES;
				CLANG_ANALYZER_NUMBER_OBJECT_CONVERSION = YES_AGGRESSIVE;
				CLANG_CXX_LANGUAGE_STANDARD = "gnu++17";
				CLANG_ENABLE_MODULES = YES;
				CLANG_ENABLE_OBJC_ARC = YES;
				CLANG_ENABLE_OBJC_WEAK = YES;
				CLANG_WARN_BLOCK_CAPTURE_AUTORELEASING = YES;
				CLANG_WARN_BOOL_CONVERSION = YES;
				CLANG_WARN_COMMA = YES;
				CLANG_WARN_CONSTANT_CONVERSION = YES;
				CLANG_WARN_DEPRECATED_OBJC_IMPLEMENTATIONS = YES;
				CLANG_WARN_DIRECT_OBJC_ISA_USAGE = YES_ERROR;
				CLANG_WARN_DOCUMENTATION_COMMENTS = YES;
				CLANG_WARN_EMPTY_BODY = YES;
				CLANG_WARN_ENUM_CONVERSION = YES;
				CLANG_WARN_INFINITE_RECURSION = YES;
				CLANG_WARN_INT_CONVERSION = YES;
				CLANG_WARN_NON_LITERAL_NULL_CONVERSION = YES;
				CLANG_WARN_OBJC_IMPLICIT_RETAIN_SELF = YES;
				CLANG_WARN_OBJC_LITERAL_CONVERSION = YES;
				CLANG_WARN_OBJC_ROOT_CLASS = YES_ERROR;
				CLANG_WARN_QUOTED_INCLUDE_IN_FRAMEWORK_HEADER = YES;
				CLANG_WARN_RANGE_LOOP_ANALYSIS = YES;
				CLANG_WARN_STRICT_PROTOTYPES = YES;
				CLANG_WARN_SUSPICIOUS_MOVE = YES;
				CLANG_WARN_UNGUARDED_AVAILABILITY = YES_AGGRESSIVE;
				CLANG_WARN_UNREACHABLE_CODE = YES;
				CLANG_WARN__DUPLICATE_METHOD_MATCH = YES;
				COPY_PHASE_STRIP = NO;
				DEBUG_INFORMATION_FORMAT = "dwarf-with-dsym";
				ENABLE_NS_ASSERTIONS = NO;
				ENABLE_STRICT_OBJC_MSGSEND = YES;
				GCC_C_LANGUAGE_STANDARD = gnu11;
				GCC_NO_COMMON_BLOCKS = YES;
				GCC_WARN_64_TO_32_BIT_CONVERSION = YES;
				GCC_WARN_ABOUT_RETURN_TYPE = YES_ERROR;
				GCC_WARN_UNDECLARED_SELECTOR = YES;
				GCC_WARN_UNINITIALIZED_AUTOS = YES_AGGRESSIVE;
				GCC_WARN_UNUSED_FUNCTION = YES;
				GCC_WARN_UNUSED_VARIABLE = YES;
				IPHONEOS_DEPLOYMENT_TARGET = 15.5;
				MTL_ENABLE_DEBUG_INFO = NO;
				MTL_FAST_MATH = YES;
				SDKROOT = iphoneos;
				SWIFT_COMPILATION_MODE = wholemodule;
				SWIFT_OPTIMIZATION_LEVEL = "-O";
				VALIDATE_PRODUCT = YES;
			};
			name = Release;
		};
		5A3E836C2872090B0071FE73 /* Debug */ = {
			isa = XCBuildConfiguration;
			buildSettings = {
				ASSETCATALOG_COMPILER_APPICON_NAME = AppIcon;
				ASSETCATALOG_COMPILER_GLOBAL_ACCENT_COLOR_NAME = AccentColor;
				CODE_SIGN_STYLE = Automatic;
				CURRENT_PROJECT_VERSION = 1;
				GENERATE_INFOPLIST_FILE = YES;
				INFOPLIST_FILE = "discussion-board/Info.plist";
				INFOPLIST_KEY_UIApplicationSupportsIndirectInputEvents = YES;
				INFOPLIST_KEY_UILaunchStoryboardName = LaunchScreen;
				INFOPLIST_KEY_UISupportedInterfaceOrientations_iPad = "UIInterfaceOrientationPortrait UIInterfaceOrientationPortraitUpsideDown UIInterfaceOrientationLandscapeLeft UIInterfaceOrientationLandscapeRight";
				INFOPLIST_KEY_UISupportedInterfaceOrientations_iPhone = "UIInterfaceOrientationPortrait UIInterfaceOrientationLandscapeLeft UIInterfaceOrientationLandscapeRight";
				LD_RUNPATH_SEARCH_PATHS = (
					"$(inherited)",
					"@executable_path/Frameworks",
				);
				MARKETING_VERSION = 1.0;
				PRODUCT_BUNDLE_IDENTIFIER = "connorprzybyla.discussion-board";
				PRODUCT_NAME = "$(TARGET_NAME)";
				SWIFT_EMIT_LOC_STRINGS = YES;
				SWIFT_VERSION = 5.0;
				TARGETED_DEVICE_FAMILY = "1,2";
			};
			name = Debug;
		};
		5A3E836D2872090B0071FE73 /* Release */ = {
			isa = XCBuildConfiguration;
			buildSettings = {
				ASSETCATALOG_COMPILER_APPICON_NAME = AppIcon;
				ASSETCATALOG_COMPILER_GLOBAL_ACCENT_COLOR_NAME = AccentColor;
				CODE_SIGN_STYLE = Automatic;
				CURRENT_PROJECT_VERSION = 1;
				GENERATE_INFOPLIST_FILE = YES;
				INFOPLIST_FILE = "discussion-board/Info.plist";
				INFOPLIST_KEY_UIApplicationSupportsIndirectInputEvents = YES;
				INFOPLIST_KEY_UILaunchStoryboardName = LaunchScreen;
				INFOPLIST_KEY_UISupportedInterfaceOrientations_iPad = "UIInterfaceOrientationPortrait UIInterfaceOrientationPortraitUpsideDown UIInterfaceOrientationLandscapeLeft UIInterfaceOrientationLandscapeRight";
				INFOPLIST_KEY_UISupportedInterfaceOrientations_iPhone = "UIInterfaceOrientationPortrait UIInterfaceOrientationLandscapeLeft UIInterfaceOrientationLandscapeRight";
				LD_RUNPATH_SEARCH_PATHS = (
					"$(inherited)",
					"@executable_path/Frameworks",
				);
				MARKETING_VERSION = 1.0;
				PRODUCT_BUNDLE_IDENTIFIER = "connorprzybyla.discussion-board";
				PRODUCT_NAME = "$(TARGET_NAME)";
				SWIFT_EMIT_LOC_STRINGS = YES;
				SWIFT_VERSION = 5.0;
				TARGETED_DEVICE_FAMILY = "1,2";
			};
			name = Release;
		};
		5A3E836F2872090B0071FE73 /* Debug */ = {
			isa = XCBuildConfiguration;
			buildSettings = {
				ALWAYS_EMBED_SWIFT_STANDARD_LIBRARIES = YES;
				BUNDLE_LOADER = "$(TEST_HOST)";
				CODE_SIGN_STYLE = Automatic;
				CURRENT_PROJECT_VERSION = 1;
				GENERATE_INFOPLIST_FILE = YES;
				IPHONEOS_DEPLOYMENT_TARGET = 15.5;
				MARKETING_VERSION = 1.0;
				PRODUCT_BUNDLE_IDENTIFIER = "connorprzybyla.discussion-boardTests";
				PRODUCT_NAME = "$(TARGET_NAME)";
				SWIFT_EMIT_LOC_STRINGS = NO;
				SWIFT_VERSION = 5.0;
				TARGETED_DEVICE_FAMILY = "1,2";
				TEST_HOST = "$(BUILT_PRODUCTS_DIR)/discussion-board.app/discussion-board";
			};
			name = Debug;
		};
		5A3E83702872090B0071FE73 /* Release */ = {
			isa = XCBuildConfiguration;
			buildSettings = {
				ALWAYS_EMBED_SWIFT_STANDARD_LIBRARIES = YES;
				BUNDLE_LOADER = "$(TEST_HOST)";
				CODE_SIGN_STYLE = Automatic;
				CURRENT_PROJECT_VERSION = 1;
				GENERATE_INFOPLIST_FILE = YES;
				IPHONEOS_DEPLOYMENT_TARGET = 15.5;
				MARKETING_VERSION = 1.0;
				PRODUCT_BUNDLE_IDENTIFIER = "connorprzybyla.discussion-boardTests";
				PRODUCT_NAME = "$(TARGET_NAME)";
				SWIFT_EMIT_LOC_STRINGS = NO;
				SWIFT_VERSION = 5.0;
				TARGETED_DEVICE_FAMILY = "1,2";
				TEST_HOST = "$(BUILT_PRODUCTS_DIR)/discussion-board.app/discussion-board";
			};
			name = Release;
		};
		5A3E83722872090B0071FE73 /* Debug */ = {
			isa = XCBuildConfiguration;
			buildSettings = {
				ALWAYS_EMBED_SWIFT_STANDARD_LIBRARIES = YES;
				CODE_SIGN_STYLE = Automatic;
				CURRENT_PROJECT_VERSION = 1;
				GENERATE_INFOPLIST_FILE = YES;
				MARKETING_VERSION = 1.0;
				PRODUCT_BUNDLE_IDENTIFIER = "connorprzybyla.discussion-boardUITests";
				PRODUCT_NAME = "$(TARGET_NAME)";
				SWIFT_EMIT_LOC_STRINGS = NO;
				SWIFT_VERSION = 5.0;
				TARGETED_DEVICE_FAMILY = "1,2";
				TEST_TARGET_NAME = "discussion-board";
			};
			name = Debug;
		};
		5A3E83732872090B0071FE73 /* Release */ = {
			isa = XCBuildConfiguration;
			buildSettings = {
				ALWAYS_EMBED_SWIFT_STANDARD_LIBRARIES = YES;
				CODE_SIGN_STYLE = Automatic;
				CURRENT_PROJECT_VERSION = 1;
				GENERATE_INFOPLIST_FILE = YES;
				MARKETING_VERSION = 1.0;
				PRODUCT_BUNDLE_IDENTIFIER = "connorprzybyla.discussion-boardUITests";
				PRODUCT_NAME = "$(TARGET_NAME)";
				SWIFT_EMIT_LOC_STRINGS = NO;
				SWIFT_VERSION = 5.0;
				TARGETED_DEVICE_FAMILY = "1,2";
				TEST_TARGET_NAME = "discussion-board";
			};
			name = Release;
		};
/* End XCBuildConfiguration section */

/* Begin XCConfigurationList section */
		5A3E83392872090A0071FE73 /* Build configuration list for PBXProject "discussion-board" */ = {
			isa = XCConfigurationList;
			buildConfigurations = (
				5A3E83692872090B0071FE73 /* Debug */,
				5A3E836A2872090B0071FE73 /* Release */,
			);
			defaultConfigurationIsVisible = 0;
			defaultConfigurationName = Release;
		};
		5A3E836B2872090B0071FE73 /* Build configuration list for PBXNativeTarget "discussion-board" */ = {
			isa = XCConfigurationList;
			buildConfigurations = (
				5A3E836C2872090B0071FE73 /* Debug */,
				5A3E836D2872090B0071FE73 /* Release */,
			);
			defaultConfigurationIsVisible = 0;
			defaultConfigurationName = Release;
		};
		5A3E836E2872090B0071FE73 /* Build configuration list for PBXNativeTarget "discussion-boardTests" */ = {
			isa = XCConfigurationList;
			buildConfigurations = (
				5A3E836F2872090B0071FE73 /* Debug */,
				5A3E83702872090B0071FE73 /* Release */,
			);
			defaultConfigurationIsVisible = 0;
			defaultConfigurationName = Release;
		};
		5A3E83712872090B0071FE73 /* Build configuration list for PBXNativeTarget "discussion-boardUITests" */ = {
			isa = XCConfigurationList;
			buildConfigurations = (
				5A3E83722872090B0071FE73 /* Debug */,
				5A3E83732872090B0071FE73 /* Release */,
			);
			defaultConfigurationIsVisible = 0;
			defaultConfigurationName = Release;
		};
/* End XCConfigurationList section */

/* Begin XCVersionGroup section */
		5A3E834A2872090A0071FE73 /* discussion_board.xcdatamodeld */ = {
			isa = XCVersionGroup;
			children = (
				5A3E834B2872090A0071FE73 /* discussion_board.xcdatamodel */,
			);
			currentVersion = 5A3E834B2872090A0071FE73 /* discussion_board.xcdatamodel */;
			path = discussion_board.xcdatamodeld;
			sourceTree = "<group>";
			versionGroupType = wrapper.xcdatamodel;
		};
/* End XCVersionGroup section */
	};
	rootObject = 5A3E83362872090A0071FE73 /* Project object */;
}
